
Microsoft Visual Studio Solution File, Format Version 12.00
# Visual Studio Version 16
VisualStudioVersion = 16.0.29009.5
MinimumVisualStudioVersion = 10.0.40219.1
Project("{8BC9CEB8-8B4A-11D0-8D11-00A0C91BC942}") = "2000", "2000\2000.vcxproj", "{9C649EFD-1748-4B16-9717-04C38CCBB74F}"
EndProject
Project("{8BC9CEB8-8B4A-11D0-8D11-00A0C91BC942}") = "2001", "2001\2001.vcxproj", "{C6687954-FE65-47DC-BAD8-2D70EB97E54B}"
EndProject
Project("{8BC9CEB8-8B4A-11D0-8D11-00A0C91BC942}") = "2002", "2002\2002.vcxproj", "{9FA9CC51-561A-43D9-A35C-44B40DFEB7E9}"
EndProject
Project("{8BC9CEB8-8B4A-11D0-8D11-00A0C91BC942}") = "2003", "2003\2003.vcxproj", "{340114B6-2351-4963-BB27-DF704C28C48C}"
EndProject
Project("{8BC9CEB8-8B4A-11D0-8D11-00A0C91BC942}") = "2004", "2004\2004.vcxproj", "{7F3FF693-A928-43AC-B969-2691FAEC9ABC}"
EndProject
Project("{8BC9CEB8-8B4A-11D0-8D11-00A0C91BC942}") = "2005", "2005\2005.vcxproj", "{FEB23D02-CB6E-4CAE-9D7E-3F15263D792E}"
EndProject
Project("{8BC9CEB8-8B4A-11D0-8D11-00A0C91BC942}") = "2006", "2006\2006.vcxproj", "{8DF01FC0-CBEC-4691-9544-667BC9F5C976}"
EndProject
Project("{8BC9CEB8-8B4A-11D0-8D11-00A0C91BC942}") = "2007", "2007\2007.vcxproj", "{BFEA0D6A-8666-484F-8B5A-A7D724C53B0F}"
EndProject
Project("{8BC9CEB8-8B4A-11D0-8D11-00A0C91BC942}") = "2008", "2008\2008.vcxproj", "{50EBF8C1-0A6B-4520-8F10-E51747FE573D}"
EndProject
Project("{8BC9CEB8-8B4A-11D0-8D11-00A0C91BC942}") = "2009", "2009\2009.vcxproj", "{9F73949B-F034-4F42-9B1D-E516187E520A}"
EndProject
Project("{8BC9CEB8-8B4A-11D0-8D11-00A0C91BC942}") = "2010", "2010\2010.vcxproj", "{6F7D40B6-8DA7-4C6A-BC4B-0B80983512E3}"
EndProject
Project("{8BC9CEB8-8B4A-11D0-8D11-00A0C91BC942}") = "2011", "2011\2011.vcxproj", "{AC82B0B2-DEEE-4A05-B882-D12043285E64}"
EndProject
Project("{8BC9CEB8-8B4A-11D0-8D11-00A0C91BC942}") = "2012", "2012\2012.vcxproj", "{9F53FC6D-5956-4A21-8865-2C0EC3FEF880}"
EndProject
Project("{8BC9CEB8-8B4A-11D0-8D11-00A0C91BC942}") = "2013", "2013\2013.vcxproj", "{5263C1B8-87F3-4434-BA42-79E6B1B97EB3}"
EndProject
Project("{8BC9CEB8-8B4A-11D0-8D11-00A0C91BC942}") = "2014", "2014\2014.vcxproj", "{D3CDD6DD-8645-48D3-815E-5E7507F0ADE3}"
EndProject
Project("{8BC9CEB8-8B4A-11D0-8D11-00A0C91BC942}") = "2015", "2015\2015.vcxproj", "{871B2AAF-F970-4107-B3A4-4DAD0E0B0B1D}"
EndProject
Project("{8BC9CEB8-8B4A-11D0-8D11-00A0C91BC942}") = "2016", "2016\2016.vcxproj", "{7E62A046-C509-41C2-86FB-A90464648058}"
EndProject
Project("{8BC9CEB8-8B4A-11D0-8D11-00A0C91BC942}") = "2017", "2017\2017.vcxproj", "{121394D3-E4AE-459A-9E20-5160F5B9BC83}"
EndProject
Project("{8BC9CEB8-8B4A-11D0-8D11-00A0C91BC942}") = "2018", "2018\2018.vcxproj", "{3B630D8B-9BE6-4A6D-86B2-7C7C6DDEB712}"
EndProject
Project("{8BC9CEB8-8B4A-11D0-8D11-00A0C91BC942}") = "2019", "2019\2019.vcxproj", "{C69B88E0-3423-4839-99C9-EB19C850B778}"
EndProject
Project("{8BC9CEB8-8B4A-11D0-8D11-00A0C91BC942}") = "2020", "2020\2020.vcxproj", "{BD27F5CC-61C9-44A2-A25D-5568D8168F14}"
EndProject
Project("{8BC9CEB8-8B4A-11D0-8D11-00A0C91BC942}") = "2021", "2021\2021.vcxproj", "{9451F4F2-08E3-40D0-8B2E-4369AECD44DA}"
EndProject
Project("{8BC9CEB8-8B4A-11D0-8D11-00A0C91BC942}") = "2022", "2022\2022.vcxproj", "{3828732B-1F55-4E0D-BC8D-E8D4B6662027}"
EndProject
Project("{8BC9CEB8-8B4A-11D0-8D11-00A0C91BC942}") = "2023", "2023\2023.vcxproj", "{A8DD9BDB-3829-4046-A2DB-41E81D4A39D9}"
EndProject
Project("{8BC9CEB8-8B4A-11D0-8D11-00A0C91BC942}") = "2024", "2024\2024.vcxproj", "{BF355CAD-D8F7-4349-96B3-2BE110E1DEE9}"
EndProject
Project("{8BC9CEB8-8B4A-11D0-8D11-00A0C91BC942}") = "2025", "2025\2025.vcxproj", "{EF468A09-458E-432C-817C-02B615D9707E}"
EndProject
Project("{8BC9CEB8-8B4A-11D0-8D11-00A0C91BC942}") = "2026", "2026\2026.vcxproj", "{6C09675D-1B62-47C8-81FF-C9F3760511D0}"
EndProject
Project("{8BC9CEB8-8B4A-11D0-8D11-00A0C91BC942}") = "2027", "2027\2027.vcxproj", "{25670AC1-7414-4C71-9909-792DB5FFB1D3}"
EndProject
Project("{8BC9CEB8-8B4A-11D0-8D11-00A0C91BC942}") = "2028", "2028\2028.vcxproj", "{5AFAC200-A6E5-42AC-9B94-5DBF3936F3FE}"
EndProject
Project("{8BC9CEB8-8B4A-11D0-8D11-00A0C91BC942}") = "2030", "2030\2030.vcxproj", "{221327F7-1839-4D36-B529-845CD793AC12}"
EndProject
Project("{8BC9CEB8-8B4A-11D0-8D11-00A0C91BC942}") = "2029", "2029\2029.vcxproj", "{D12D7AE2-0393-4BA7-9ED7-381F5D82E090}"
EndProject
Project("{8BC9CEB8-8B4A-11D0-8D11-00A0C91BC942}") = "2031", "2031\2031.vcxproj", "{6F07F591-E068-4C7C-AF74-5FFD8DED6C6B}"
EndProject
Project("{8BC9CEB8-8B4A-11D0-8D11-00A0C91BC942}") = "2032", "2032\2032.vcxproj", "{C715D16D-9373-4983-98A7-042B1063EB66}"
EndProject
Project("{8BC9CEB8-8B4A-11D0-8D11-00A0C91BC942}") = "2033", "2033\2033.vcxproj", "{D8CABAD9-CCAC-4275-A9B6-3E57E7765FF6}"
EndProject
Project("{8BC9CEB8-8B4A-11D0-8D11-00A0C91BC942}") = "2034", "2034\2034.vcxproj", "{E05C0067-1383-472E-B77B-758705080567}"
EndProject
Project("{8BC9CEB8-8B4A-11D0-8D11-00A0C91BC942}") = "2035", "2035\2035.vcxproj", "{2192C3F7-4296-4661-A6A9-74B323034265}"
EndProject
Project("{8BC9CEB8-8B4A-11D0-8D11-00A0C91BC942}") = "2036", "2036\2036.vcxproj", "{8F73A9C2-90D9-4EE5-8879-E44A21C7453D}"
EndProject
Project("{8BC9CEB8-8B4A-11D0-8D11-00A0C91BC942}") = "2037", "2037\2037.vcxproj", "{2560B4F0-7674-42E4-83A8-751BAA20DC2B}"
EndProject
Project("{8BC9CEB8-8B4A-11D0-8D11-00A0C91BC942}") = "2039", "2039\2039.vcxproj", "{C55204BF-7146-491B-83E9-8CD1D63C057E}"
EndProject
Project("{8BC9CEB8-8B4A-11D0-8D11-00A0C91BC942}") = "2040", "2040\2040.vcxproj", "{8F741338-1974-4F64-B6A2-BD48E39FB078}"
EndProject
Project("{8BC9CEB8-8B4A-11D0-8D11-00A0C91BC942}") = "2041", "2041\2041.vcxproj", "{0EC17FAA-F4EE-43F0-A28F-2FDF4CBBDFD2}"
EndProject
Project("{8BC9CEB8-8B4A-11D0-8D11-00A0C91BC942}") = "2042", "2042\2042.vcxproj", "{F5BDF24E-B1DA-49AE-961D-7F7BDBD70948}"
EndProject
Project("{8BC9CEB8-8B4A-11D0-8D11-00A0C91BC942}") = "2043", "2043\2043.vcxproj", "{7469A480-725D-4C34-BC46-3AA29CF76EB1}"
EndProject
Project("{8BC9CEB8-8B4A-11D0-8D11-00A0C91BC942}") = "2044", "2044\2044.vcxproj", "{73341D35-B4F7-4DC2-8B8F-E6F5A3A7CE12}"
EndProject
Project("{8BC9CEB8-8B4A-11D0-8D11-00A0C91BC942}") = "2045", "2045\2045.vcxproj", "{99C33388-DDAE-4AE3-8A1E-BB0F320C3140}"
EndProject
Project("{8BC9CEB8-8B4A-11D0-8D11-00A0C91BC942}") = "2046", "2046\2046.vcxproj", "{B041D266-6A17-4B8D-97F8-31933F8F44ED}"
EndProject
Project("{8BC9CEB8-8B4A-11D0-8D11-00A0C91BC942}") = "2047", "2047\2047.vcxproj", "{D2BC740F-1B6C-4CC1-8A65-808C4204C7C5}"
EndProject
Project("{8BC9CEB8-8B4A-11D0-8D11-00A0C91BC942}") = "2048", "2048\2048.vcxproj", "{8809BFAA-0593-4E67-AFA1-AD218E8D76C2}"
EndProject
Project("{8BC9CEB8-8B4A-11D0-8D11-00A0C91BC942}") = "2049", "2049\2049.vcxproj", "{534A5F44-B1A2-4F71-A32D-7887AAF6BDC9}"
EndProject
Project("{8BC9CEB8-8B4A-11D0-8D11-00A0C91BC942}") = "2050", "2050\2050.vcxproj", "{4447534D-3290-4AFB-9176-6F4DF744BDFF}"
EndProject
Project("{8BC9CEB8-8B4A-11D0-8D11-00A0C91BC942}") = "2051", "2051\2051.vcxproj", "{E5BD66AE-EDB1-4C63-9033-45FAC7AE6A5B}"
EndProject
Project("{8BC9CEB8-8B4A-11D0-8D11-00A0C91BC942}") = "2052", "2052\2052.vcxproj", "{9A2699FB-0FF8-4072-B421-032E8F7F395C}"
EndProject
Project("{8BC9CEB8-8B4A-11D0-8D11-00A0C91BC942}") = "2054", "2054\2054.vcxproj", "{54D53BF7-8C26-47E3-841F-AD09866060B3}"
EndProject
Project("{8BC9CEB8-8B4A-11D0-8D11-00A0C91BC942}") = "2053", "2053\2053.vcxproj", "{5B2E8F02-CF61-41E9-961C-D68858724059}"
EndProject
Global
	GlobalSection(SolutionConfigurationPlatforms) = preSolution
		Debug|x64 = Debug|x64
		Debug|x86 = Debug|x86
		Release|x64 = Release|x64
		Release|x86 = Release|x86
	EndGlobalSection
	GlobalSection(ProjectConfigurationPlatforms) = postSolution
		{9C649EFD-1748-4B16-9717-04C38CCBB74F}.Debug|x64.ActiveCfg = Debug|x64
		{9C649EFD-1748-4B16-9717-04C38CCBB74F}.Debug|x64.Build.0 = Debug|x64
		{9C649EFD-1748-4B16-9717-04C38CCBB74F}.Debug|x86.ActiveCfg = Debug|Win32
		{9C649EFD-1748-4B16-9717-04C38CCBB74F}.Debug|x86.Build.0 = Debug|Win32
		{9C649EFD-1748-4B16-9717-04C38CCBB74F}.Release|x64.ActiveCfg = Release|x64
		{9C649EFD-1748-4B16-9717-04C38CCBB74F}.Release|x64.Build.0 = Release|x64
		{9C649EFD-1748-4B16-9717-04C38CCBB74F}.Release|x86.ActiveCfg = Release|Win32
		{9C649EFD-1748-4B16-9717-04C38CCBB74F}.Release|x86.Build.0 = Release|Win32
		{C6687954-FE65-47DC-BAD8-2D70EB97E54B}.Debug|x64.ActiveCfg = Debug|x64
		{C6687954-FE65-47DC-BAD8-2D70EB97E54B}.Debug|x64.Build.0 = Debug|x64
		{C6687954-FE65-47DC-BAD8-2D70EB97E54B}.Debug|x86.ActiveCfg = Debug|Win32
		{C6687954-FE65-47DC-BAD8-2D70EB97E54B}.Debug|x86.Build.0 = Debug|Win32
		{C6687954-FE65-47DC-BAD8-2D70EB97E54B}.Release|x64.ActiveCfg = Release|x64
		{C6687954-FE65-47DC-BAD8-2D70EB97E54B}.Release|x64.Build.0 = Release|x64
		{C6687954-FE65-47DC-BAD8-2D70EB97E54B}.Release|x86.ActiveCfg = Release|Win32
		{C6687954-FE65-47DC-BAD8-2D70EB97E54B}.Release|x86.Build.0 = Release|Win32
		{9FA9CC51-561A-43D9-A35C-44B40DFEB7E9}.Debug|x64.ActiveCfg = Debug|x64
		{9FA9CC51-561A-43D9-A35C-44B40DFEB7E9}.Debug|x64.Build.0 = Debug|x64
		{9FA9CC51-561A-43D9-A35C-44B40DFEB7E9}.Debug|x86.ActiveCfg = Debug|Win32
		{9FA9CC51-561A-43D9-A35C-44B40DFEB7E9}.Debug|x86.Build.0 = Debug|Win32
		{9FA9CC51-561A-43D9-A35C-44B40DFEB7E9}.Release|x64.ActiveCfg = Release|x64
		{9FA9CC51-561A-43D9-A35C-44B40DFEB7E9}.Release|x64.Build.0 = Release|x64
		{9FA9CC51-561A-43D9-A35C-44B40DFEB7E9}.Release|x86.ActiveCfg = Release|Win32
		{9FA9CC51-561A-43D9-A35C-44B40DFEB7E9}.Release|x86.Build.0 = Release|Win32
		{340114B6-2351-4963-BB27-DF704C28C48C}.Debug|x64.ActiveCfg = Debug|x64
		{340114B6-2351-4963-BB27-DF704C28C48C}.Debug|x64.Build.0 = Debug|x64
		{340114B6-2351-4963-BB27-DF704C28C48C}.Debug|x86.ActiveCfg = Debug|Win32
		{340114B6-2351-4963-BB27-DF704C28C48C}.Debug|x86.Build.0 = Debug|Win32
		{340114B6-2351-4963-BB27-DF704C28C48C}.Release|x64.ActiveCfg = Release|x64
		{340114B6-2351-4963-BB27-DF704C28C48C}.Release|x64.Build.0 = Release|x64
		{340114B6-2351-4963-BB27-DF704C28C48C}.Release|x86.ActiveCfg = Release|Win32
		{340114B6-2351-4963-BB27-DF704C28C48C}.Release|x86.Build.0 = Release|Win32
		{7F3FF693-A928-43AC-B969-2691FAEC9ABC}.Debug|x64.ActiveCfg = Debug|x64
		{7F3FF693-A928-43AC-B969-2691FAEC9ABC}.Debug|x64.Build.0 = Debug|x64
		{7F3FF693-A928-43AC-B969-2691FAEC9ABC}.Debug|x86.ActiveCfg = Debug|Win32
		{7F3FF693-A928-43AC-B969-2691FAEC9ABC}.Debug|x86.Build.0 = Debug|Win32
		{7F3FF693-A928-43AC-B969-2691FAEC9ABC}.Release|x64.ActiveCfg = Release|x64
		{7F3FF693-A928-43AC-B969-2691FAEC9ABC}.Release|x64.Build.0 = Release|x64
		{7F3FF693-A928-43AC-B969-2691FAEC9ABC}.Release|x86.ActiveCfg = Release|Win32
		{7F3FF693-A928-43AC-B969-2691FAEC9ABC}.Release|x86.Build.0 = Release|Win32
		{FEB23D02-CB6E-4CAE-9D7E-3F15263D792E}.Debug|x64.ActiveCfg = Debug|x64
		{FEB23D02-CB6E-4CAE-9D7E-3F15263D792E}.Debug|x64.Build.0 = Debug|x64
		{FEB23D02-CB6E-4CAE-9D7E-3F15263D792E}.Debug|x86.ActiveCfg = Debug|Win32
		{FEB23D02-CB6E-4CAE-9D7E-3F15263D792E}.Debug|x86.Build.0 = Debug|Win32
		{FEB23D02-CB6E-4CAE-9D7E-3F15263D792E}.Release|x64.ActiveCfg = Release|x64
		{FEB23D02-CB6E-4CAE-9D7E-3F15263D792E}.Release|x64.Build.0 = Release|x64
		{FEB23D02-CB6E-4CAE-9D7E-3F15263D792E}.Release|x86.ActiveCfg = Release|Win32
		{FEB23D02-CB6E-4CAE-9D7E-3F15263D792E}.Release|x86.Build.0 = Release|Win32
		{8DF01FC0-CBEC-4691-9544-667BC9F5C976}.Debug|x64.ActiveCfg = Debug|x64
		{8DF01FC0-CBEC-4691-9544-667BC9F5C976}.Debug|x64.Build.0 = Debug|x64
		{8DF01FC0-CBEC-4691-9544-667BC9F5C976}.Debug|x86.ActiveCfg = Debug|Win32
		{8DF01FC0-CBEC-4691-9544-667BC9F5C976}.Debug|x86.Build.0 = Debug|Win32
		{8DF01FC0-CBEC-4691-9544-667BC9F5C976}.Release|x64.ActiveCfg = Release|x64
		{8DF01FC0-CBEC-4691-9544-667BC9F5C976}.Release|x64.Build.0 = Release|x64
		{8DF01FC0-CBEC-4691-9544-667BC9F5C976}.Release|x86.ActiveCfg = Release|Win32
		{8DF01FC0-CBEC-4691-9544-667BC9F5C976}.Release|x86.Build.0 = Release|Win32
		{BFEA0D6A-8666-484F-8B5A-A7D724C53B0F}.Debug|x64.ActiveCfg = Debug|x64
		{BFEA0D6A-8666-484F-8B5A-A7D724C53B0F}.Debug|x64.Build.0 = Debug|x64
		{BFEA0D6A-8666-484F-8B5A-A7D724C53B0F}.Debug|x86.ActiveCfg = Debug|Win32
		{BFEA0D6A-8666-484F-8B5A-A7D724C53B0F}.Debug|x86.Build.0 = Debug|Win32
		{BFEA0D6A-8666-484F-8B5A-A7D724C53B0F}.Release|x64.ActiveCfg = Release|x64
		{BFEA0D6A-8666-484F-8B5A-A7D724C53B0F}.Release|x64.Build.0 = Release|x64
		{BFEA0D6A-8666-484F-8B5A-A7D724C53B0F}.Release|x86.ActiveCfg = Release|Win32
		{BFEA0D6A-8666-484F-8B5A-A7D724C53B0F}.Release|x86.Build.0 = Release|Win32
		{50EBF8C1-0A6B-4520-8F10-E51747FE573D}.Debug|x64.ActiveCfg = Debug|x64
		{50EBF8C1-0A6B-4520-8F10-E51747FE573D}.Debug|x64.Build.0 = Debug|x64
		{50EBF8C1-0A6B-4520-8F10-E51747FE573D}.Debug|x86.ActiveCfg = Debug|Win32
		{50EBF8C1-0A6B-4520-8F10-E51747FE573D}.Debug|x86.Build.0 = Debug|Win32
		{50EBF8C1-0A6B-4520-8F10-E51747FE573D}.Release|x64.ActiveCfg = Release|x64
		{50EBF8C1-0A6B-4520-8F10-E51747FE573D}.Release|x64.Build.0 = Release|x64
		{50EBF8C1-0A6B-4520-8F10-E51747FE573D}.Release|x86.ActiveCfg = Release|Win32
		{50EBF8C1-0A6B-4520-8F10-E51747FE573D}.Release|x86.Build.0 = Release|Win32
		{9F73949B-F034-4F42-9B1D-E516187E520A}.Debug|x64.ActiveCfg = Debug|x64
		{9F73949B-F034-4F42-9B1D-E516187E520A}.Debug|x64.Build.0 = Debug|x64
		{9F73949B-F034-4F42-9B1D-E516187E520A}.Debug|x86.ActiveCfg = Debug|Win32
		{9F73949B-F034-4F42-9B1D-E516187E520A}.Debug|x86.Build.0 = Debug|Win32
		{9F73949B-F034-4F42-9B1D-E516187E520A}.Release|x64.ActiveCfg = Release|x64
		{9F73949B-F034-4F42-9B1D-E516187E520A}.Release|x64.Build.0 = Release|x64
		{9F73949B-F034-4F42-9B1D-E516187E520A}.Release|x86.ActiveCfg = Release|Win32
		{9F73949B-F034-4F42-9B1D-E516187E520A}.Release|x86.Build.0 = Release|Win32
		{6F7D40B6-8DA7-4C6A-BC4B-0B80983512E3}.Debug|x64.ActiveCfg = Debug|x64
		{6F7D40B6-8DA7-4C6A-BC4B-0B80983512E3}.Debug|x64.Build.0 = Debug|x64
		{6F7D40B6-8DA7-4C6A-BC4B-0B80983512E3}.Debug|x86.ActiveCfg = Debug|Win32
		{6F7D40B6-8DA7-4C6A-BC4B-0B80983512E3}.Debug|x86.Build.0 = Debug|Win32
		{6F7D40B6-8DA7-4C6A-BC4B-0B80983512E3}.Release|x64.ActiveCfg = Release|x64
		{6F7D40B6-8DA7-4C6A-BC4B-0B80983512E3}.Release|x64.Build.0 = Release|x64
		{6F7D40B6-8DA7-4C6A-BC4B-0B80983512E3}.Release|x86.ActiveCfg = Release|Win32
		{6F7D40B6-8DA7-4C6A-BC4B-0B80983512E3}.Release|x86.Build.0 = Release|Win32
		{AC82B0B2-DEEE-4A05-B882-D12043285E64}.Debug|x64.ActiveCfg = Debug|x64
		{AC82B0B2-DEEE-4A05-B882-D12043285E64}.Debug|x64.Build.0 = Debug|x64
		{AC82B0B2-DEEE-4A05-B882-D12043285E64}.Debug|x86.ActiveCfg = Debug|Win32
		{AC82B0B2-DEEE-4A05-B882-D12043285E64}.Debug|x86.Build.0 = Debug|Win32
		{AC82B0B2-DEEE-4A05-B882-D12043285E64}.Release|x64.ActiveCfg = Release|x64
		{AC82B0B2-DEEE-4A05-B882-D12043285E64}.Release|x64.Build.0 = Release|x64
		{AC82B0B2-DEEE-4A05-B882-D12043285E64}.Release|x86.ActiveCfg = Release|Win32
		{AC82B0B2-DEEE-4A05-B882-D12043285E64}.Release|x86.Build.0 = Release|Win32
		{9F53FC6D-5956-4A21-8865-2C0EC3FEF880}.Debug|x64.ActiveCfg = Debug|x64
		{9F53FC6D-5956-4A21-8865-2C0EC3FEF880}.Debug|x64.Build.0 = Debug|x64
		{9F53FC6D-5956-4A21-8865-2C0EC3FEF880}.Debug|x86.ActiveCfg = Debug|Win32
		{9F53FC6D-5956-4A21-8865-2C0EC3FEF880}.Debug|x86.Build.0 = Debug|Win32
		{9F53FC6D-5956-4A21-8865-2C0EC3FEF880}.Release|x64.ActiveCfg = Release|x64
		{9F53FC6D-5956-4A21-8865-2C0EC3FEF880}.Release|x64.Build.0 = Release|x64
		{9F53FC6D-5956-4A21-8865-2C0EC3FEF880}.Release|x86.ActiveCfg = Release|Win32
		{9F53FC6D-5956-4A21-8865-2C0EC3FEF880}.Release|x86.Build.0 = Release|Win32
		{5263C1B8-87F3-4434-BA42-79E6B1B97EB3}.Debug|x64.ActiveCfg = Debug|x64
		{5263C1B8-87F3-4434-BA42-79E6B1B97EB3}.Debug|x64.Build.0 = Debug|x64
		{5263C1B8-87F3-4434-BA42-79E6B1B97EB3}.Debug|x86.ActiveCfg = Debug|Win32
		{5263C1B8-87F3-4434-BA42-79E6B1B97EB3}.Debug|x86.Build.0 = Debug|Win32
		{5263C1B8-87F3-4434-BA42-79E6B1B97EB3}.Release|x64.ActiveCfg = Release|x64
		{5263C1B8-87F3-4434-BA42-79E6B1B97EB3}.Release|x64.Build.0 = Release|x64
		{5263C1B8-87F3-4434-BA42-79E6B1B97EB3}.Release|x86.ActiveCfg = Release|Win32
		{5263C1B8-87F3-4434-BA42-79E6B1B97EB3}.Release|x86.Build.0 = Release|Win32
		{D3CDD6DD-8645-48D3-815E-5E7507F0ADE3}.Debug|x64.ActiveCfg = Debug|x64
		{D3CDD6DD-8645-48D3-815E-5E7507F0ADE3}.Debug|x64.Build.0 = Debug|x64
		{D3CDD6DD-8645-48D3-815E-5E7507F0ADE3}.Debug|x86.ActiveCfg = Debug|Win32
		{D3CDD6DD-8645-48D3-815E-5E7507F0ADE3}.Debug|x86.Build.0 = Debug|Win32
		{D3CDD6DD-8645-48D3-815E-5E7507F0ADE3}.Release|x64.ActiveCfg = Release|x64
		{D3CDD6DD-8645-48D3-815E-5E7507F0ADE3}.Release|x64.Build.0 = Release|x64
		{D3CDD6DD-8645-48D3-815E-5E7507F0ADE3}.Release|x86.ActiveCfg = Release|Win32
		{D3CDD6DD-8645-48D3-815E-5E7507F0ADE3}.Release|x86.Build.0 = Release|Win32
		{871B2AAF-F970-4107-B3A4-4DAD0E0B0B1D}.Debug|x64.ActiveCfg = Debug|x64
		{871B2AAF-F970-4107-B3A4-4DAD0E0B0B1D}.Debug|x64.Build.0 = Debug|x64
		{871B2AAF-F970-4107-B3A4-4DAD0E0B0B1D}.Debug|x86.ActiveCfg = Debug|Win32
		{871B2AAF-F970-4107-B3A4-4DAD0E0B0B1D}.Debug|x86.Build.0 = Debug|Win32
		{871B2AAF-F970-4107-B3A4-4DAD0E0B0B1D}.Release|x64.ActiveCfg = Release|x64
		{871B2AAF-F970-4107-B3A4-4DAD0E0B0B1D}.Release|x64.Build.0 = Release|x64
		{871B2AAF-F970-4107-B3A4-4DAD0E0B0B1D}.Release|x86.ActiveCfg = Release|Win32
		{871B2AAF-F970-4107-B3A4-4DAD0E0B0B1D}.Release|x86.Build.0 = Release|Win32
		{7E62A046-C509-41C2-86FB-A90464648058}.Debug|x64.ActiveCfg = Debug|x64
		{7E62A046-C509-41C2-86FB-A90464648058}.Debug|x64.Build.0 = Debug|x64
		{7E62A046-C509-41C2-86FB-A90464648058}.Debug|x86.ActiveCfg = Debug|Win32
		{7E62A046-C509-41C2-86FB-A90464648058}.Debug|x86.Build.0 = Debug|Win32
		{7E62A046-C509-41C2-86FB-A90464648058}.Release|x64.ActiveCfg = Release|x64
		{7E62A046-C509-41C2-86FB-A90464648058}.Release|x64.Build.0 = Release|x64
		{7E62A046-C509-41C2-86FB-A90464648058}.Release|x86.ActiveCfg = Release|Win32
		{7E62A046-C509-41C2-86FB-A90464648058}.Release|x86.Build.0 = Release|Win32
		{121394D3-E4AE-459A-9E20-5160F5B9BC83}.Debug|x64.ActiveCfg = Debug|x64
		{121394D3-E4AE-459A-9E20-5160F5B9BC83}.Debug|x64.Build.0 = Debug|x64
		{121394D3-E4AE-459A-9E20-5160F5B9BC83}.Debug|x86.ActiveCfg = Debug|Win32
		{121394D3-E4AE-459A-9E20-5160F5B9BC83}.Debug|x86.Build.0 = Debug|Win32
		{121394D3-E4AE-459A-9E20-5160F5B9BC83}.Release|x64.ActiveCfg = Release|x64
		{121394D3-E4AE-459A-9E20-5160F5B9BC83}.Release|x64.Build.0 = Release|x64
		{121394D3-E4AE-459A-9E20-5160F5B9BC83}.Release|x86.ActiveCfg = Release|Win32
		{121394D3-E4AE-459A-9E20-5160F5B9BC83}.Release|x86.Build.0 = Release|Win32
		{3B630D8B-9BE6-4A6D-86B2-7C7C6DDEB712}.Debug|x64.ActiveCfg = Debug|x64
		{3B630D8B-9BE6-4A6D-86B2-7C7C6DDEB712}.Debug|x64.Build.0 = Debug|x64
		{3B630D8B-9BE6-4A6D-86B2-7C7C6DDEB712}.Debug|x86.ActiveCfg = Debug|Win32
		{3B630D8B-9BE6-4A6D-86B2-7C7C6DDEB712}.Debug|x86.Build.0 = Debug|Win32
		{3B630D8B-9BE6-4A6D-86B2-7C7C6DDEB712}.Release|x64.ActiveCfg = Release|x64
		{3B630D8B-9BE6-4A6D-86B2-7C7C6DDEB712}.Release|x64.Build.0 = Release|x64
		{3B630D8B-9BE6-4A6D-86B2-7C7C6DDEB712}.Release|x86.ActiveCfg = Release|Win32
		{3B630D8B-9BE6-4A6D-86B2-7C7C6DDEB712}.Release|x86.Build.0 = Release|Win32
		{C69B88E0-3423-4839-99C9-EB19C850B778}.Debug|x64.ActiveCfg = Debug|x64
		{C69B88E0-3423-4839-99C9-EB19C850B778}.Debug|x64.Build.0 = Debug|x64
		{C69B88E0-3423-4839-99C9-EB19C850B778}.Debug|x86.ActiveCfg = Debug|Win32
		{C69B88E0-3423-4839-99C9-EB19C850B778}.Debug|x86.Build.0 = Debug|Win32
		{C69B88E0-3423-4839-99C9-EB19C850B778}.Release|x64.ActiveCfg = Release|x64
		{C69B88E0-3423-4839-99C9-EB19C850B778}.Release|x64.Build.0 = Release|x64
		{C69B88E0-3423-4839-99C9-EB19C850B778}.Release|x86.ActiveCfg = Release|Win32
		{C69B88E0-3423-4839-99C9-EB19C850B778}.Release|x86.Build.0 = Release|Win32
		{BD27F5CC-61C9-44A2-A25D-5568D8168F14}.Debug|x64.ActiveCfg = Debug|x64
		{BD27F5CC-61C9-44A2-A25D-5568D8168F14}.Debug|x64.Build.0 = Debug|x64
		{BD27F5CC-61C9-44A2-A25D-5568D8168F14}.Debug|x86.ActiveCfg = Debug|Win32
		{BD27F5CC-61C9-44A2-A25D-5568D8168F14}.Debug|x86.Build.0 = Debug|Win32
		{BD27F5CC-61C9-44A2-A25D-5568D8168F14}.Release|x64.ActiveCfg = Release|x64
		{BD27F5CC-61C9-44A2-A25D-5568D8168F14}.Release|x64.Build.0 = Release|x64
		{BD27F5CC-61C9-44A2-A25D-5568D8168F14}.Release|x86.ActiveCfg = Release|Win32
		{BD27F5CC-61C9-44A2-A25D-5568D8168F14}.Release|x86.Build.0 = Release|Win32
		{9451F4F2-08E3-40D0-8B2E-4369AECD44DA}.Debug|x64.ActiveCfg = Debug|x64
		{9451F4F2-08E3-40D0-8B2E-4369AECD44DA}.Debug|x64.Build.0 = Debug|x64
		{9451F4F2-08E3-40D0-8B2E-4369AECD44DA}.Debug|x86.ActiveCfg = Debug|Win32
		{9451F4F2-08E3-40D0-8B2E-4369AECD44DA}.Debug|x86.Build.0 = Debug|Win32
		{9451F4F2-08E3-40D0-8B2E-4369AECD44DA}.Release|x64.ActiveCfg = Release|x64
		{9451F4F2-08E3-40D0-8B2E-4369AECD44DA}.Release|x64.Build.0 = Release|x64
		{9451F4F2-08E3-40D0-8B2E-4369AECD44DA}.Release|x86.ActiveCfg = Release|Win32
		{9451F4F2-08E3-40D0-8B2E-4369AECD44DA}.Release|x86.Build.0 = Release|Win32
		{3828732B-1F55-4E0D-BC8D-E8D4B6662027}.Debug|x64.ActiveCfg = Debug|x64
		{3828732B-1F55-4E0D-BC8D-E8D4B6662027}.Debug|x64.Build.0 = Debug|x64
		{3828732B-1F55-4E0D-BC8D-E8D4B6662027}.Debug|x86.ActiveCfg = Debug|Win32
		{3828732B-1F55-4E0D-BC8D-E8D4B6662027}.Debug|x86.Build.0 = Debug|Win32
		{3828732B-1F55-4E0D-BC8D-E8D4B6662027}.Release|x64.ActiveCfg = Release|x64
		{3828732B-1F55-4E0D-BC8D-E8D4B6662027}.Release|x64.Build.0 = Release|x64
		{3828732B-1F55-4E0D-BC8D-E8D4B6662027}.Release|x86.ActiveCfg = Release|Win32
		{3828732B-1F55-4E0D-BC8D-E8D4B6662027}.Release|x86.Build.0 = Release|Win32
		{A8DD9BDB-3829-4046-A2DB-41E81D4A39D9}.Debug|x64.ActiveCfg = Debug|x64
		{A8DD9BDB-3829-4046-A2DB-41E81D4A39D9}.Debug|x64.Build.0 = Debug|x64
		{A8DD9BDB-3829-4046-A2DB-41E81D4A39D9}.Debug|x86.ActiveCfg = Debug|Win32
		{A8DD9BDB-3829-4046-A2DB-41E81D4A39D9}.Debug|x86.Build.0 = Debug|Win32
		{A8DD9BDB-3829-4046-A2DB-41E81D4A39D9}.Release|x64.ActiveCfg = Release|x64
		{A8DD9BDB-3829-4046-A2DB-41E81D4A39D9}.Release|x64.Build.0 = Release|x64
		{A8DD9BDB-3829-4046-A2DB-41E81D4A39D9}.Release|x86.ActiveCfg = Release|Win32
		{A8DD9BDB-3829-4046-A2DB-41E81D4A39D9}.Release|x86.Build.0 = Release|Win32
		{BF355CAD-D8F7-4349-96B3-2BE110E1DEE9}.Debug|x64.ActiveCfg = Debug|x64
		{BF355CAD-D8F7-4349-96B3-2BE110E1DEE9}.Debug|x64.Build.0 = Debug|x64
		{BF355CAD-D8F7-4349-96B3-2BE110E1DEE9}.Debug|x86.ActiveCfg = Debug|Win32
		{BF355CAD-D8F7-4349-96B3-2BE110E1DEE9}.Debug|x86.Build.0 = Debug|Win32
		{BF355CAD-D8F7-4349-96B3-2BE110E1DEE9}.Release|x64.ActiveCfg = Release|x64
		{BF355CAD-D8F7-4349-96B3-2BE110E1DEE9}.Release|x64.Build.0 = Release|x64
		{BF355CAD-D8F7-4349-96B3-2BE110E1DEE9}.Release|x86.ActiveCfg = Release|Win32
		{BF355CAD-D8F7-4349-96B3-2BE110E1DEE9}.Release|x86.Build.0 = Release|Win32
		{EF468A09-458E-432C-817C-02B615D9707E}.Debug|x64.ActiveCfg = Debug|x64
		{EF468A09-458E-432C-817C-02B615D9707E}.Debug|x64.Build.0 = Debug|x64
		{EF468A09-458E-432C-817C-02B615D9707E}.Debug|x86.ActiveCfg = Debug|Win32
		{EF468A09-458E-432C-817C-02B615D9707E}.Debug|x86.Build.0 = Debug|Win32
		{EF468A09-458E-432C-817C-02B615D9707E}.Release|x64.ActiveCfg = Release|x64
		{EF468A09-458E-432C-817C-02B615D9707E}.Release|x64.Build.0 = Release|x64
		{EF468A09-458E-432C-817C-02B615D9707E}.Release|x86.ActiveCfg = Release|Win32
		{EF468A09-458E-432C-817C-02B615D9707E}.Release|x86.Build.0 = Release|Win32
		{6C09675D-1B62-47C8-81FF-C9F3760511D0}.Debug|x64.ActiveCfg = Debug|x64
		{6C09675D-1B62-47C8-81FF-C9F3760511D0}.Debug|x64.Build.0 = Debug|x64
		{6C09675D-1B62-47C8-81FF-C9F3760511D0}.Debug|x86.ActiveCfg = Debug|Win32
		{6C09675D-1B62-47C8-81FF-C9F3760511D0}.Debug|x86.Build.0 = Debug|Win32
		{6C09675D-1B62-47C8-81FF-C9F3760511D0}.Release|x64.ActiveCfg = Release|x64
		{6C09675D-1B62-47C8-81FF-C9F3760511D0}.Release|x64.Build.0 = Release|x64
		{6C09675D-1B62-47C8-81FF-C9F3760511D0}.Release|x86.ActiveCfg = Release|Win32
		{6C09675D-1B62-47C8-81FF-C9F3760511D0}.Release|x86.Build.0 = Release|Win32
		{25670AC1-7414-4C71-9909-792DB5FFB1D3}.Debug|x64.ActiveCfg = Debug|x64
		{25670AC1-7414-4C71-9909-792DB5FFB1D3}.Debug|x64.Build.0 = Debug|x64
		{25670AC1-7414-4C71-9909-792DB5FFB1D3}.Debug|x86.ActiveCfg = Debug|Win32
		{25670AC1-7414-4C71-9909-792DB5FFB1D3}.Debug|x86.Build.0 = Debug|Win32
		{25670AC1-7414-4C71-9909-792DB5FFB1D3}.Release|x64.ActiveCfg = Release|x64
		{25670AC1-7414-4C71-9909-792DB5FFB1D3}.Release|x64.Build.0 = Release|x64
		{25670AC1-7414-4C71-9909-792DB5FFB1D3}.Release|x86.ActiveCfg = Release|Win32
		{25670AC1-7414-4C71-9909-792DB5FFB1D3}.Release|x86.Build.0 = Release|Win32
		{5AFAC200-A6E5-42AC-9B94-5DBF3936F3FE}.Debug|x64.ActiveCfg = Debug|x64
		{5AFAC200-A6E5-42AC-9B94-5DBF3936F3FE}.Debug|x64.Build.0 = Debug|x64
		{5AFAC200-A6E5-42AC-9B94-5DBF3936F3FE}.Debug|x86.ActiveCfg = Debug|Win32
		{5AFAC200-A6E5-42AC-9B94-5DBF3936F3FE}.Debug|x86.Build.0 = Debug|Win32
		{5AFAC200-A6E5-42AC-9B94-5DBF3936F3FE}.Release|x64.ActiveCfg = Release|x64
		{5AFAC200-A6E5-42AC-9B94-5DBF3936F3FE}.Release|x64.Build.0 = Release|x64
		{5AFAC200-A6E5-42AC-9B94-5DBF3936F3FE}.Release|x86.ActiveCfg = Release|Win32
		{5AFAC200-A6E5-42AC-9B94-5DBF3936F3FE}.Release|x86.Build.0 = Release|Win32
		{221327F7-1839-4D36-B529-845CD793AC12}.Debug|x64.ActiveCfg = Debug|x64
		{221327F7-1839-4D36-B529-845CD793AC12}.Debug|x64.Build.0 = Debug|x64
		{221327F7-1839-4D36-B529-845CD793AC12}.Debug|x86.ActiveCfg = Debug|Win32
		{221327F7-1839-4D36-B529-845CD793AC12}.Debug|x86.Build.0 = Debug|Win32
		{221327F7-1839-4D36-B529-845CD793AC12}.Release|x64.ActiveCfg = Release|x64
		{221327F7-1839-4D36-B529-845CD793AC12}.Release|x64.Build.0 = Release|x64
		{221327F7-1839-4D36-B529-845CD793AC12}.Release|x86.ActiveCfg = Release|Win32
		{221327F7-1839-4D36-B529-845CD793AC12}.Release|x86.Build.0 = Release|Win32
		{D12D7AE2-0393-4BA7-9ED7-381F5D82E090}.Debug|x64.ActiveCfg = Debug|x64
		{D12D7AE2-0393-4BA7-9ED7-381F5D82E090}.Debug|x64.Build.0 = Debug|x64
		{D12D7AE2-0393-4BA7-9ED7-381F5D82E090}.Debug|x86.ActiveCfg = Debug|Win32
		{D12D7AE2-0393-4BA7-9ED7-381F5D82E090}.Debug|x86.Build.0 = Debug|Win32
		{D12D7AE2-0393-4BA7-9ED7-381F5D82E090}.Release|x64.ActiveCfg = Release|x64
		{D12D7AE2-0393-4BA7-9ED7-381F5D82E090}.Release|x64.Build.0 = Release|x64
		{D12D7AE2-0393-4BA7-9ED7-381F5D82E090}.Release|x86.ActiveCfg = Release|Win32
		{D12D7AE2-0393-4BA7-9ED7-381F5D82E090}.Release|x86.Build.0 = Release|Win32
		{6F07F591-E068-4C7C-AF74-5FFD8DED6C6B}.Debug|x64.ActiveCfg = Debug|x64
		{6F07F591-E068-4C7C-AF74-5FFD8DED6C6B}.Debug|x64.Build.0 = Debug|x64
		{6F07F591-E068-4C7C-AF74-5FFD8DED6C6B}.Debug|x86.ActiveCfg = Debug|Win32
		{6F07F591-E068-4C7C-AF74-5FFD8DED6C6B}.Debug|x86.Build.0 = Debug|Win32
		{6F07F591-E068-4C7C-AF74-5FFD8DED6C6B}.Release|x64.ActiveCfg = Release|x64
		{6F07F591-E068-4C7C-AF74-5FFD8DED6C6B}.Release|x64.Build.0 = Release|x64
		{6F07F591-E068-4C7C-AF74-5FFD8DED6C6B}.Release|x86.ActiveCfg = Release|Win32
		{6F07F591-E068-4C7C-AF74-5FFD8DED6C6B}.Release|x86.Build.0 = Release|Win32
		{C715D16D-9373-4983-98A7-042B1063EB66}.Debug|x64.ActiveCfg = Debug|x64
		{C715D16D-9373-4983-98A7-042B1063EB66}.Debug|x64.Build.0 = Debug|x64
		{C715D16D-9373-4983-98A7-042B1063EB66}.Debug|x86.ActiveCfg = Debug|Win32
		{C715D16D-9373-4983-98A7-042B1063EB66}.Debug|x86.Build.0 = Debug|Win32
		{C715D16D-9373-4983-98A7-042B1063EB66}.Release|x64.ActiveCfg = Release|x64
		{C715D16D-9373-4983-98A7-042B1063EB66}.Release|x64.Build.0 = Release|x64
		{C715D16D-9373-4983-98A7-042B1063EB66}.Release|x86.ActiveCfg = Release|Win32
		{C715D16D-9373-4983-98A7-042B1063EB66}.Release|x86.Build.0 = Release|Win32
		{D8CABAD9-CCAC-4275-A9B6-3E57E7765FF6}.Debug|x64.ActiveCfg = Debug|x64
		{D8CABAD9-CCAC-4275-A9B6-3E57E7765FF6}.Debug|x64.Build.0 = Debug|x64
		{D8CABAD9-CCAC-4275-A9B6-3E57E7765FF6}.Debug|x86.ActiveCfg = Debug|Win32
		{D8CABAD9-CCAC-4275-A9B6-3E57E7765FF6}.Debug|x86.Build.0 = Debug|Win32
		{D8CABAD9-CCAC-4275-A9B6-3E57E7765FF6}.Release|x64.ActiveCfg = Release|x64
		{D8CABAD9-CCAC-4275-A9B6-3E57E7765FF6}.Release|x64.Build.0 = Release|x64
		{D8CABAD9-CCAC-4275-A9B6-3E57E7765FF6}.Release|x86.ActiveCfg = Release|Win32
		{D8CABAD9-CCAC-4275-A9B6-3E57E7765FF6}.Release|x86.Build.0 = Release|Win32
		{E05C0067-1383-472E-B77B-758705080567}.Debug|x64.ActiveCfg = Debug|x64
		{E05C0067-1383-472E-B77B-758705080567}.Debug|x64.Build.0 = Debug|x64
		{E05C0067-1383-472E-B77B-758705080567}.Debug|x86.ActiveCfg = Debug|Win32
		{E05C0067-1383-472E-B77B-758705080567}.Debug|x86.Build.0 = Debug|Win32
		{E05C0067-1383-472E-B77B-758705080567}.Release|x64.ActiveCfg = Release|x64
		{E05C0067-1383-472E-B77B-758705080567}.Release|x64.Build.0 = Release|x64
		{E05C0067-1383-472E-B77B-758705080567}.Release|x86.ActiveCfg = Release|Win32
		{E05C0067-1383-472E-B77B-758705080567}.Release|x86.Build.0 = Release|Win32
		{2192C3F7-4296-4661-A6A9-74B323034265}.Debug|x64.ActiveCfg = Debug|x64
		{2192C3F7-4296-4661-A6A9-74B323034265}.Debug|x64.Build.0 = Debug|x64
		{2192C3F7-4296-4661-A6A9-74B323034265}.Debug|x86.ActiveCfg = Debug|Win32
		{2192C3F7-4296-4661-A6A9-74B323034265}.Debug|x86.Build.0 = Debug|Win32
		{2192C3F7-4296-4661-A6A9-74B323034265}.Release|x64.ActiveCfg = Release|x64
		{2192C3F7-4296-4661-A6A9-74B323034265}.Release|x64.Build.0 = Release|x64
		{2192C3F7-4296-4661-A6A9-74B323034265}.Release|x86.ActiveCfg = Release|Win32
		{2192C3F7-4296-4661-A6A9-74B323034265}.Release|x86.Build.0 = Release|Win32
		{8F73A9C2-90D9-4EE5-8879-E44A21C7453D}.Debug|x64.ActiveCfg = Debug|x64
		{8F73A9C2-90D9-4EE5-8879-E44A21C7453D}.Debug|x64.Build.0 = Debug|x64
		{8F73A9C2-90D9-4EE5-8879-E44A21C7453D}.Debug|x86.ActiveCfg = Debug|Win32
		{8F73A9C2-90D9-4EE5-8879-E44A21C7453D}.Debug|x86.Build.0 = Debug|Win32
		{8F73A9C2-90D9-4EE5-8879-E44A21C7453D}.Release|x64.ActiveCfg = Release|x64
		{8F73A9C2-90D9-4EE5-8879-E44A21C7453D}.Release|x64.Build.0 = Release|x64
		{8F73A9C2-90D9-4EE5-8879-E44A21C7453D}.Release|x86.ActiveCfg = Release|Win32
		{8F73A9C2-90D9-4EE5-8879-E44A21C7453D}.Release|x86.Build.0 = Release|Win32
		{2560B4F0-7674-42E4-83A8-751BAA20DC2B}.Debug|x64.ActiveCfg = Debug|x64
		{2560B4F0-7674-42E4-83A8-751BAA20DC2B}.Debug|x64.Build.0 = Debug|x64
		{2560B4F0-7674-42E4-83A8-751BAA20DC2B}.Debug|x86.ActiveCfg = Debug|Win32
		{2560B4F0-7674-42E4-83A8-751BAA20DC2B}.Debug|x86.Build.0 = Debug|Win32
		{2560B4F0-7674-42E4-83A8-751BAA20DC2B}.Release|x64.ActiveCfg = Release|x64
		{2560B4F0-7674-42E4-83A8-751BAA20DC2B}.Release|x64.Build.0 = Release|x64
		{2560B4F0-7674-42E4-83A8-751BAA20DC2B}.Release|x86.ActiveCfg = Release|Win32
		{2560B4F0-7674-42E4-83A8-751BAA20DC2B}.Release|x86.Build.0 = Release|Win32
		{C55204BF-7146-491B-83E9-8CD1D63C057E}.Debug|x64.ActiveCfg = Debug|x64
		{C55204BF-7146-491B-83E9-8CD1D63C057E}.Debug|x64.Build.0 = Debug|x64
		{C55204BF-7146-491B-83E9-8CD1D63C057E}.Debug|x86.ActiveCfg = Debug|Win32
		{C55204BF-7146-491B-83E9-8CD1D63C057E}.Debug|x86.Build.0 = Debug|Win32
		{C55204BF-7146-491B-83E9-8CD1D63C057E}.Release|x64.ActiveCfg = Release|x64
		{C55204BF-7146-491B-83E9-8CD1D63C057E}.Release|x64.Build.0 = Release|x64
		{C55204BF-7146-491B-83E9-8CD1D63C057E}.Release|x86.ActiveCfg = Release|Win32
		{C55204BF-7146-491B-83E9-8CD1D63C057E}.Release|x86.Build.0 = Release|Win32
		{8F741338-1974-4F64-B6A2-BD48E39FB078}.Debug|x64.ActiveCfg = Debug|x64
		{8F741338-1974-4F64-B6A2-BD48E39FB078}.Debug|x64.Build.0 = Debug|x64
		{8F741338-1974-4F64-B6A2-BD48E39FB078}.Debug|x86.ActiveCfg = Debug|Win32
		{8F741338-1974-4F64-B6A2-BD48E39FB078}.Debug|x86.Build.0 = Debug|Win32
		{8F741338-1974-4F64-B6A2-BD48E39FB078}.Release|x64.ActiveCfg = Release|x64
		{8F741338-1974-4F64-B6A2-BD48E39FB078}.Release|x64.Build.0 = Release|x64
		{8F741338-1974-4F64-B6A2-BD48E39FB078}.Release|x86.ActiveCfg = Release|Win32
		{8F741338-1974-4F64-B6A2-BD48E39FB078}.Release|x86.Build.0 = Release|Win32
		{0EC17FAA-F4EE-43F0-A28F-2FDF4CBBDFD2}.Debug|x64.ActiveCfg = Debug|x64
		{0EC17FAA-F4EE-43F0-A28F-2FDF4CBBDFD2}.Debug|x64.Build.0 = Debug|x64
		{0EC17FAA-F4EE-43F0-A28F-2FDF4CBBDFD2}.Debug|x86.ActiveCfg = Debug|Win32
		{0EC17FAA-F4EE-43F0-A28F-2FDF4CBBDFD2}.Debug|x86.Build.0 = Debug|Win32
		{0EC17FAA-F4EE-43F0-A28F-2FDF4CBBDFD2}.Release|x64.ActiveCfg = Release|x64
		{0EC17FAA-F4EE-43F0-A28F-2FDF4CBBDFD2}.Release|x64.Build.0 = Release|x64
		{0EC17FAA-F4EE-43F0-A28F-2FDF4CBBDFD2}.Release|x86.ActiveCfg = Release|Win32
		{0EC17FAA-F4EE-43F0-A28F-2FDF4CBBDFD2}.Release|x86.Build.0 = Release|Win32
		{F5BDF24E-B1DA-49AE-961D-7F7BDBD70948}.Debug|x64.ActiveCfg = Debug|x64
		{F5BDF24E-B1DA-49AE-961D-7F7BDBD70948}.Debug|x64.Build.0 = Debug|x64
		{F5BDF24E-B1DA-49AE-961D-7F7BDBD70948}.Debug|x86.ActiveCfg = Debug|Win32
		{F5BDF24E-B1DA-49AE-961D-7F7BDBD70948}.Debug|x86.Build.0 = Debug|Win32
		{F5BDF24E-B1DA-49AE-961D-7F7BDBD70948}.Release|x64.ActiveCfg = Release|x64
		{F5BDF24E-B1DA-49AE-961D-7F7BDBD70948}.Release|x64.Build.0 = Release|x64
		{F5BDF24E-B1DA-49AE-961D-7F7BDBD70948}.Release|x86.ActiveCfg = Release|Win32
		{F5BDF24E-B1DA-49AE-961D-7F7BDBD70948}.Release|x86.Build.0 = Release|Win32
		{7469A480-725D-4C34-BC46-3AA29CF76EB1}.Debug|x64.ActiveCfg = Debug|x64
		{7469A480-725D-4C34-BC46-3AA29CF76EB1}.Debug|x64.Build.0 = Debug|x64
		{7469A480-725D-4C34-BC46-3AA29CF76EB1}.Debug|x86.ActiveCfg = Debug|Win32
		{7469A480-725D-4C34-BC46-3AA29CF76EB1}.Debug|x86.Build.0 = Debug|Win32
		{7469A480-725D-4C34-BC46-3AA29CF76EB1}.Release|x64.ActiveCfg = Release|x64
		{7469A480-725D-4C34-BC46-3AA29CF76EB1}.Release|x64.Build.0 = Release|x64
		{7469A480-725D-4C34-BC46-3AA29CF76EB1}.Release|x86.ActiveCfg = Release|Win32
		{7469A480-725D-4C34-BC46-3AA29CF76EB1}.Release|x86.Build.0 = Release|Win32
		{73341D35-B4F7-4DC2-8B8F-E6F5A3A7CE12}.Debug|x64.ActiveCfg = Debug|x64
		{73341D35-B4F7-4DC2-8B8F-E6F5A3A7CE12}.Debug|x64.Build.0 = Debug|x64
		{73341D35-B4F7-4DC2-8B8F-E6F5A3A7CE12}.Debug|x86.ActiveCfg = Debug|Win32
		{73341D35-B4F7-4DC2-8B8F-E6F5A3A7CE12}.Debug|x86.Build.0 = Debug|Win32
		{73341D35-B4F7-4DC2-8B8F-E6F5A3A7CE12}.Release|x64.ActiveCfg = Release|x64
		{73341D35-B4F7-4DC2-8B8F-E6F5A3A7CE12}.Release|x64.Build.0 = Release|x64
		{73341D35-B4F7-4DC2-8B8F-E6F5A3A7CE12}.Release|x86.ActiveCfg = Release|Win32
		{73341D35-B4F7-4DC2-8B8F-E6F5A3A7CE12}.Release|x86.Build.0 = Release|Win32
		{99C33388-DDAE-4AE3-8A1E-BB0F320C3140}.Debug|x64.ActiveCfg = Debug|x64
		{99C33388-DDAE-4AE3-8A1E-BB0F320C3140}.Debug|x64.Build.0 = Debug|x64
		{99C33388-DDAE-4AE3-8A1E-BB0F320C3140}.Debug|x86.ActiveCfg = Debug|Win32
		{99C33388-DDAE-4AE3-8A1E-BB0F320C3140}.Debug|x86.Build.0 = Debug|Win32
		{99C33388-DDAE-4AE3-8A1E-BB0F320C3140}.Release|x64.ActiveCfg = Release|x64
		{99C33388-DDAE-4AE3-8A1E-BB0F320C3140}.Release|x64.Build.0 = Release|x64
		{99C33388-DDAE-4AE3-8A1E-BB0F320C3140}.Release|x86.ActiveCfg = Release|Win32
		{99C33388-DDAE-4AE3-8A1E-BB0F320C3140}.Release|x86.Build.0 = Release|Win32
		{B041D266-6A17-4B8D-97F8-31933F8F44ED}.Debug|x64.ActiveCfg = Debug|x64
		{B041D266-6A17-4B8D-97F8-31933F8F44ED}.Debug|x64.Build.0 = Debug|x64
		{B041D266-6A17-4B8D-97F8-31933F8F44ED}.Debug|x86.ActiveCfg = Debug|Win32
		{B041D266-6A17-4B8D-97F8-31933F8F44ED}.Debug|x86.Build.0 = Debug|Win32
		{B041D266-6A17-4B8D-97F8-31933F8F44ED}.Release|x64.ActiveCfg = Release|x64
		{B041D266-6A17-4B8D-97F8-31933F8F44ED}.Release|x64.Build.0 = Release|x64
		{B041D266-6A17-4B8D-97F8-31933F8F44ED}.Release|x86.ActiveCfg = Release|Win32
		{B041D266-6A17-4B8D-97F8-31933F8F44ED}.Release|x86.Build.0 = Release|Win32
		{D2BC740F-1B6C-4CC1-8A65-808C4204C7C5}.Debug|x64.ActiveCfg = Debug|x64
		{D2BC740F-1B6C-4CC1-8A65-808C4204C7C5}.Debug|x64.Build.0 = Debug|x64
		{D2BC740F-1B6C-4CC1-8A65-808C4204C7C5}.Debug|x86.ActiveCfg = Debug|Win32
		{D2BC740F-1B6C-4CC1-8A65-808C4204C7C5}.Debug|x86.Build.0 = Debug|Win32
		{D2BC740F-1B6C-4CC1-8A65-808C4204C7C5}.Release|x64.ActiveCfg = Release|x64
		{D2BC740F-1B6C-4CC1-8A65-808C4204C7C5}.Release|x64.Build.0 = Release|x64
		{D2BC740F-1B6C-4CC1-8A65-808C4204C7C5}.Release|x86.ActiveCfg = Release|Win32
		{D2BC740F-1B6C-4CC1-8A65-808C4204C7C5}.Release|x86.Build.0 = Release|Win32
		{8809BFAA-0593-4E67-AFA1-AD218E8D76C2}.Debug|x64.ActiveCfg = Debug|x64
		{8809BFAA-0593-4E67-AFA1-AD218E8D76C2}.Debug|x64.Build.0 = Debug|x64
		{8809BFAA-0593-4E67-AFA1-AD218E8D76C2}.Debug|x86.ActiveCfg = Debug|Win32
		{8809BFAA-0593-4E67-AFA1-AD218E8D76C2}.Debug|x86.Build.0 = Debug|Win32
		{8809BFAA-0593-4E67-AFA1-AD218E8D76C2}.Release|x64.ActiveCfg = Release|x64
		{8809BFAA-0593-4E67-AFA1-AD218E8D76C2}.Release|x64.Build.0 = Release|x64
		{8809BFAA-0593-4E67-AFA1-AD218E8D76C2}.Release|x86.ActiveCfg = Release|Win32
		{8809BFAA-0593-4E67-AFA1-AD218E8D76C2}.Release|x86.Build.0 = Release|Win32
		{534A5F44-B1A2-4F71-A32D-7887AAF6BDC9}.Debug|x64.ActiveCfg = Debug|x64
		{534A5F44-B1A2-4F71-A32D-7887AAF6BDC9}.Debug|x64.Build.0 = Debug|x64
		{534A5F44-B1A2-4F71-A32D-7887AAF6BDC9}.Debug|x86.ActiveCfg = Debug|Win32
		{534A5F44-B1A2-4F71-A32D-7887AAF6BDC9}.Debug|x86.Build.0 = Debug|Win32
		{534A5F44-B1A2-4F71-A32D-7887AAF6BDC9}.Release|x64.ActiveCfg = Release|x64
		{534A5F44-B1A2-4F71-A32D-7887AAF6BDC9}.Release|x64.Build.0 = Release|x64
		{534A5F44-B1A2-4F71-A32D-7887AAF6BDC9}.Release|x86.ActiveCfg = Release|Win32
		{534A5F44-B1A2-4F71-A32D-7887AAF6BDC9}.Release|x86.Build.0 = Release|Win32
		{4447534D-3290-4AFB-9176-6F4DF744BDFF}.Debug|x64.ActiveCfg = Debug|x64
		{4447534D-3290-4AFB-9176-6F4DF744BDFF}.Debug|x64.Build.0 = Debug|x64
		{4447534D-3290-4AFB-9176-6F4DF744BDFF}.Debug|x86.ActiveCfg = Debug|Win32
		{4447534D-3290-4AFB-9176-6F4DF744BDFF}.Debug|x86.Build.0 = Debug|Win32
		{4447534D-3290-4AFB-9176-6F4DF744BDFF}.Release|x64.ActiveCfg = Release|x64
		{4447534D-3290-4AFB-9176-6F4DF744BDFF}.Release|x64.Build.0 = Release|x64
		{4447534D-3290-4AFB-9176-6F4DF744BDFF}.Release|x86.ActiveCfg = Release|Win32
		{4447534D-3290-4AFB-9176-6F4DF744BDFF}.Release|x86.Build.0 = Release|Win32
		{E5BD66AE-EDB1-4C63-9033-45FAC7AE6A5B}.Debug|x64.ActiveCfg = Debug|x64
		{E5BD66AE-EDB1-4C63-9033-45FAC7AE6A5B}.Debug|x64.Build.0 = Debug|x64
		{E5BD66AE-EDB1-4C63-9033-45FAC7AE6A5B}.Debug|x86.ActiveCfg = Debug|Win32
		{E5BD66AE-EDB1-4C63-9033-45FAC7AE6A5B}.Debug|x86.Build.0 = Debug|Win32
		{E5BD66AE-EDB1-4C63-9033-45FAC7AE6A5B}.Release|x64.ActiveCfg = Release|x64
		{E5BD66AE-EDB1-4C63-9033-45FAC7AE6A5B}.Release|x64.Build.0 = Release|x64
		{E5BD66AE-EDB1-4C63-9033-45FAC7AE6A5B}.Release|x86.ActiveCfg = Release|Win32
		{E5BD66AE-EDB1-4C63-9033-45FAC7AE6A5B}.Release|x86.Build.0 = Release|Win32
		{9A2699FB-0FF8-4072-B421-032E8F7F395C}.Debug|x64.ActiveCfg = Debug|x64
		{9A2699FB-0FF8-4072-B421-032E8F7F395C}.Debug|x64.Build.0 = Debug|x64
		{9A2699FB-0FF8-4072-B421-032E8F7F395C}.Debug|x86.ActiveCfg = Debug|Win32
		{9A2699FB-0FF8-4072-B421-032E8F7F395C}.Debug|x86.Build.0 = Debug|Win32
		{9A2699FB-0FF8-4072-B421-032E8F7F395C}.Release|x64.ActiveCfg = Release|x64
		{9A2699FB-0FF8-4072-B421-032E8F7F395C}.Release|x64.Build.0 = Release|x64
		{9A2699FB-0FF8-4072-B421-032E8F7F395C}.Release|x86.ActiveCfg = Release|Win32
		{9A2699FB-0FF8-4072-B421-032E8F7F395C}.Release|x86.Build.0 = Release|Win32
		{54D53BF7-8C26-47E3-841F-AD09866060B3}.Debug|x64.ActiveCfg = Debug|x64
		{54D53BF7-8C26-47E3-841F-AD09866060B3}.Debug|x64.Build.0 = Debug|x64
		{54D53BF7-8C26-47E3-841F-AD09866060B3}.Debug|x86.ActiveCfg = Debug|Win32
		{54D53BF7-8C26-47E3-841F-AD09866060B3}.Debug|x86.Build.0 = Debug|Win32
		{54D53BF7-8C26-47E3-841F-AD09866060B3}.Release|x64.ActiveCfg = Release|x64
		{54D53BF7-8C26-47E3-841F-AD09866060B3}.Release|x64.Build.0 = Release|x64
		{54D53BF7-8C26-47E3-841F-AD09866060B3}.Release|x86.ActiveCfg = Release|Win32
		{54D53BF7-8C26-47E3-841F-AD09866060B3}.Release|x86.Build.0 = Release|Win32
		{5B2E8F02-CF61-41E9-961C-D68858724059}.Debug|x64.ActiveCfg = Debug|x64
		{5B2E8F02-CF61-41E9-961C-D68858724059}.Debug|x64.Build.0 = Debug|x64
		{5B2E8F02-CF61-41E9-961C-D68858724059}.Debug|x86.ActiveCfg = Debug|Win32
		{5B2E8F02-CF61-41E9-961C-D68858724059}.Debug|x86.Build.0 = Debug|Win32
		{5B2E8F02-CF61-41E9-961C-D68858724059}.Release|x64.ActiveCfg = Release|x64
		{5B2E8F02-CF61-41E9-961C-D68858724059}.Release|x64.Build.0 = Release|x64
		{5B2E8F02-CF61-41E9-961C-D68858724059}.Release|x86.ActiveCfg = Release|Win32
		{5B2E8F02-CF61-41E9-961C-D68858724059}.Release|x86.Build.0 = Release|Win32
	EndGlobalSection
	GlobalSection(SolutionProperties) = preSolution
		HideSolutionNode = FALSE
	EndGlobalSection
	GlobalSection(ExtensibilityGlobals) = postSolution
		SolutionGuid = {F27B4765-6901-47F4-AD70-9FE108FDC5C8}
	EndGlobalSection
EndGlobal
